
Microsoft Visual Studio Solution File, Format Version 12.00
Project("{FAE04EC0-301F-11D3-BF4B-00C04F79EFBC}") = "TuneSpace.Infrastructure", "TuneSpace.Infrastructure\TuneSpace.Infrastructure.csproj", "{029191B5-DEF4-46A9-84FE-B89F18D72CD1}"
EndProject
Project("{FAE04EC0-301F-11D3-BF4B-00C04F79EFBC}") = "TuneSpace.Core", "TuneSpace.Core\TuneSpace.Core.csproj", "{223DA284-31A7-48DB-989A-90D9396FBB0E}"
EndProject
Project("{FAE04EC0-301F-11D3-BF4B-00C04F79EFBC}") = "TuneSpace.Api", "TuneSpace.Api\TuneSpace.Api.csproj", "{C0197282-3FBE-436A-8B74-510948578DA7}"
EndProject
Global
	GlobalSection(SolutionConfigurationPlatforms) = preSolution
		Debug|Any CPU = Debug|Any CPU
		Release|Any CPU = Release|Any CPU
	EndGlobalSection
	GlobalSection(ProjectConfigurationPlatforms) = postSolution
		{029191B5-DEF4-46A9-84FE-B89F18D72CD1}.Debug|Any CPU.ActiveCfg = Debug|Any CPU
		{029191B5-DEF4-46A9-84FE-B89F18D72CD1}.Debug|Any CPU.Build.0 = Debug|Any CPU
		{029191B5-DEF4-46A9-84FE-B89F18D72CD1}.Release|Any CPU.ActiveCfg = Release|Any CPU
		{029191B5-DEF4-46A9-84FE-B89F18D72CD1}.Release|Any CPU.Build.0 = Release|Any CPU
		{223DA284-31A7-48DB-989A-90D9396FBB0E}.Debug|Any CPU.ActiveCfg = Debug|Any CPU
		{223DA284-31A7-48DB-989A-90D9396FBB0E}.Debug|Any CPU.Build.0 = Debug|Any CPU
		{223DA284-31A7-48DB-989A-90D9396FBB0E}.Release|Any CPU.ActiveCfg = Release|Any CPU
		{223DA284-31A7-48DB-989A-90D9396FBB0E}.Release|Any CPU.Build.0 = Release|Any CPU
		{C0197282-3FBE-436A-8B74-510948578DA7}.Debug|Any CPU.ActiveCfg = Debug|Any CPU
		{C0197282-3FBE-436A-8B74-510948578DA7}.Debug|Any CPU.Build.0 = Debug|Any CPU
		{C0197282-3FBE-436A-8B74-510948578DA7}.Release|Any CPU.ActiveCfg = Release|Any CPU
		{C0197282-3FBE-436A-8B74-510948578DA7}.Release|Any CPU.Build.0 = Release|Any CPU
	EndGlobalSection
EndGlobal
