
Microsoft Visual Studio Solution File, Format Version 12.00
# Visual Studio Version 17
VisualStudioVersion = 17.12.35707.178
MinimumVisualStudioVersion = 10.0.40219.1
Project("{FAE04EC0-301F-11D3-BF4B-00C04F79EFBC}") = "TuneSpace.Infrastructure", "TuneSpace.Infrastructure\TuneSpace.Infrastructure.csproj", "{029191B5-DEF4-46A9-84FE-B89F18D72CD1}"
EndProject
Project("{FAE04EC0-301F-11D3-BF4B-00C04F79EFBC}") = "TuneSpace.Core", "TuneSpace.Core\TuneSpace.Core.csproj", "{223DA284-31A7-48DB-989A-90D9396FBB0E}"
EndProject
Project("{FAE04EC0-301F-11D3-BF4B-00C04F79EFBC}") = "TuneSpace.Api", "TuneSpace.Api\TuneSpace.Api.csproj", "{C0197282-3FBE-436A-8B74-510948578DA7}"
EndProject
Project("{FAE04EC0-301F-11D3-BF4B-00C04F79EFBC}") = "TuneSpace.Application", "TuneSpace.Application\TuneSpace.Application.csproj", "{0A1DE36F-883E-4778-A1A0-E0C201874240}"
EndProject
Project("{2150E333-8FDC-42A3-9474-1A3956D46DE8}") = "Solution Items", "Solution Items", "{A5920619-2FB5-4648-83BE-7ABB23A7EEEA}"
	ProjectSection(SolutionItems) = preProject
		Directory.Build.props = Directory.Build.props
		Directory.Packages.props = Directory.Packages.props
	EndProjectSection
EndProject
Project("{FAE04EC0-301F-11D3-BF4B-00C04F79EFBC}") = "TuneSpace.Tests", "TuneSpace.Tests\TuneSpace.Tests.csproj", "{DBADEAAE-0D9F-4C5D-8719-518132988CDF}"
EndProject
Global
	GlobalSection(SolutionConfigurationPlatforms) = preSolution
		Debug|Any CPU = Debug|Any CPU
		Debug|x64 = Debug|x64
		Debug|x86 = Debug|x86
		Release|Any CPU = Release|Any CPU
		Release|x64 = Release|x64
		Release|x86 = Release|x86
	EndGlobalSection
	GlobalSection(ProjectConfigurationPlatforms) = postSolution
		{029191B5-DEF4-46A9-84FE-B89F18D72CD1}.Debug|Any CPU.ActiveCfg = Debug|Any CPU
		{029191B5-DEF4-46A9-84FE-B89F18D72CD1}.Debug|Any CPU.Build.0 = Debug|Any CPU
		{029191B5-DEF4-46A9-84FE-B89F18D72CD1}.Debug|x64.ActiveCfg = Debug|Any CPU
		{029191B5-DEF4-46A9-84FE-B89F18D72CD1}.Debug|x64.Build.0 = Debug|Any CPU
		{029191B5-DEF4-46A9-84FE-B89F18D72CD1}.Debug|x86.ActiveCfg = Debug|Any CPU
		{029191B5-DEF4-46A9-84FE-B89F18D72CD1}.Debug|x86.Build.0 = Debug|Any CPU
		{029191B5-DEF4-46A9-84FE-B89F18D72CD1}.Release|Any CPU.ActiveCfg = Release|Any CPU
		{029191B5-DEF4-46A9-84FE-B89F18D72CD1}.Release|Any CPU.Build.0 = Release|Any CPU
		{029191B5-DEF4-46A9-84FE-B89F18D72CD1}.Release|x64.ActiveCfg = Release|Any CPU
		{029191B5-DEF4-46A9-84FE-B89F18D72CD1}.Release|x64.Build.0 = Release|Any CPU
		{029191B5-DEF4-46A9-84FE-B89F18D72CD1}.Release|x86.ActiveCfg = Release|Any CPU
		{029191B5-DEF4-46A9-84FE-B89F18D72CD1}.Release|x86.Build.0 = Release|Any CPU
		{223DA284-31A7-48DB-989A-90D9396FBB0E}.Debug|Any CPU.ActiveCfg = Debug|Any CPU
		{223DA284-31A7-48DB-989A-90D9396FBB0E}.Debug|Any CPU.Build.0 = Debug|Any CPU
		{223DA284-31A7-48DB-989A-90D9396FBB0E}.Debug|x64.ActiveCfg = Debug|Any CPU
		{223DA284-31A7-48DB-989A-90D9396FBB0E}.Debug|x64.Build.0 = Debug|Any CPU
		{223DA284-31A7-48DB-989A-90D9396FBB0E}.Debug|x86.ActiveCfg = Debug|Any CPU
		{223DA284-31A7-48DB-989A-90D9396FBB0E}.Debug|x86.Build.0 = Debug|Any CPU
		{223DA284-31A7-48DB-989A-90D9396FBB0E}.Release|Any CPU.ActiveCfg = Release|Any CPU
		{223DA284-31A7-48DB-989A-90D9396FBB0E}.Release|Any CPU.Build.0 = Release|Any CPU
		{223DA284-31A7-48DB-989A-90D9396FBB0E}.Release|x64.ActiveCfg = Release|Any CPU
		{223DA284-31A7-48DB-989A-90D9396FBB0E}.Release|x64.Build.0 = Release|Any CPU
		{223DA284-31A7-48DB-989A-90D9396FBB0E}.Release|x86.ActiveCfg = Release|Any CPU
		{223DA284-31A7-48DB-989A-90D9396FBB0E}.Release|x86.Build.0 = Release|Any CPU
		{C0197282-3FBE-436A-8B74-510948578DA7}.Debug|Any CPU.ActiveCfg = Debug|Any CPU
		{C0197282-3FBE-436A-8B74-510948578DA7}.Debug|Any CPU.Build.0 = Debug|Any CPU
		{C0197282-3FBE-436A-8B74-510948578DA7}.Debug|x64.ActiveCfg = Debug|Any CPU
		{C0197282-3FBE-436A-8B74-510948578DA7}.Debug|x64.Build.0 = Debug|Any CPU
		{C0197282-3FBE-436A-8B74-510948578DA7}.Debug|x86.ActiveCfg = Debug|Any CPU
		{C0197282-3FBE-436A-8B74-510948578DA7}.Debug|x86.Build.0 = Debug|Any CPU
		{C0197282-3FBE-436A-8B74-510948578DA7}.Release|Any CPU.ActiveCfg = Release|Any CPU
		{C0197282-3FBE-436A-8B74-510948578DA7}.Release|Any CPU.Build.0 = Release|Any CPU
		{C0197282-3FBE-436A-8B74-510948578DA7}.Release|x64.ActiveCfg = Release|Any CPU
		{C0197282-3FBE-436A-8B74-510948578DA7}.Release|x64.Build.0 = Release|Any CPU
		{C0197282-3FBE-436A-8B74-510948578DA7}.Release|x86.ActiveCfg = Release|Any CPU
		{C0197282-3FBE-436A-8B74-510948578DA7}.Release|x86.Build.0 = Release|Any CPU
		{0A1DE36F-883E-4778-A1A0-E0C201874240}.Debug|Any CPU.ActiveCfg = Debug|Any CPU
		{0A1DE36F-883E-4778-A1A0-E0C201874240}.Debug|Any CPU.Build.0 = Debug|Any CPU
		{0A1DE36F-883E-4778-A1A0-E0C201874240}.Debug|x64.ActiveCfg = Debug|Any CPU
		{0A1DE36F-883E-4778-A1A0-E0C201874240}.Debug|x64.Build.0 = Debug|Any CPU
		{0A1DE36F-883E-4778-A1A0-E0C201874240}.Debug|x86.ActiveCfg = Debug|Any CPU
		{0A1DE36F-883E-4778-A1A0-E0C201874240}.Debug|x86.Build.0 = Debug|Any CPU
		{0A1DE36F-883E-4778-A1A0-E0C201874240}.Release|Any CPU.ActiveCfg = Release|Any CPU
		{0A1DE36F-883E-4778-A1A0-E0C201874240}.Release|Any CPU.Build.0 = Release|Any CPU
		{0A1DE36F-883E-4778-A1A0-E0C201874240}.Release|x64.ActiveCfg = Release|Any CPU
		{0A1DE36F-883E-4778-A1A0-E0C201874240}.Release|x64.Build.0 = Release|Any CPU
		{0A1DE36F-883E-4778-A1A0-E0C201874240}.Release|x86.ActiveCfg = Release|Any CPU
		{0A1DE36F-883E-4778-A1A0-E0C201874240}.Release|x86.Build.0 = Release|Any CPU
		{DBADEAAE-0D9F-4C5D-8719-518132988CDF}.Debug|Any CPU.ActiveCfg = Debug|Any CPU
		{DBADEAAE-0D9F-4C5D-8719-518132988CDF}.Debug|Any CPU.Build.0 = Debug|Any CPU
		{DBADEAAE-0D9F-4C5D-8719-518132988CDF}.Debug|x64.ActiveCfg = Debug|Any CPU
		{DBADEAAE-0D9F-4C5D-8719-518132988CDF}.Debug|x64.Build.0 = Debug|Any CPU
		{DBADEAAE-0D9F-4C5D-8719-518132988CDF}.Debug|x86.ActiveCfg = Debug|Any CPU
		{DBADEAAE-0D9F-4C5D-8719-518132988CDF}.Debug|x86.Build.0 = Debug|Any CPU
		{DBADEAAE-0D9F-4C5D-8719-518132988CDF}.Release|Any CPU.ActiveCfg = Release|Any CPU
		{DBADEAAE-0D9F-4C5D-8719-518132988CDF}.Release|Any CPU.Build.0 = Release|Any CPU
		{DBADEAAE-0D9F-4C5D-8719-518132988CDF}.Release|x64.ActiveCfg = Release|Any CPU
		{DBADEAAE-0D9F-4C5D-8719-518132988CDF}.Release|x64.Build.0 = Release|Any CPU
		{DBADEAAE-0D9F-4C5D-8719-518132988CDF}.Release|x86.ActiveCfg = Release|Any CPU
		{DBADEAAE-0D9F-4C5D-8719-518132988CDF}.Release|x86.Build.0 = Release|Any CPU
	EndGlobalSection
	GlobalSection(SolutionProperties) = preSolution
		HideSolutionNode = FALSE
	EndGlobalSection
EndGlobal
