{
  "version": 2,
  "dependencies": {
    "net9.0": {
      "FluentEmail.Core": {
        "type": "Direct",
        "requested": "[3.0.2, )",
        "resolved": "3.0.2",
        "contentHash": "uQFFbJgMhhCFUti7pfMi429fMNi7fLGMj+7uDtD7POlQzLxlhXJ6tmt4Y1SI51sZsA36GO5b7+o29eY/dKiICQ==",
        "dependencies": {
          "Microsoft.Extensions.DependencyInjection.Abstractions": "5.0.0"
        }
      },
      "FluentEmail.Smtp": {
        "type": "Direct",
        "requested": "[3.0.2, )",
        "resolved": "3.0.2",
        "contentHash": "Y5pZKS/mXSl7D5WJWecvfo1kpIMDc6U0VRU6wRbE9wEv2IqMH3cQXa/97Pwi+m31COepIqc6dMhGMtAJ2Qh7rw==",
        "dependencies": {
          "FluentEmail.Core": "3.0.2"
        }
      },
      "Microsoft.AspNetCore.Authentication.JwtBearer": {
        "type": "Direct",
        "requested": "[9.0.2, )",
        "resolved": "9.0.2",
        "contentHash": "p3WhJqzvf6uuQiYpxARdC4Yr+UquZzzk7ZGun4MSufx3Mi9kmfjlU0e2MiBRHYWQdfx2HjU0ifaHJecJ7lXqug==",
        "dependencies": {
          "Microsoft.IdentityModel.Protocols.OpenIdConnect": "8.0.1"
        }
      },
      "Microsoft.AspNetCore.Http": {
        "type": "Direct",
        "requested": "[2.3.0, )",
        "resolved": "2.3.0",
        "contentHash": "I9azEG2tZ4DDHAFgv+N38e6Yhttvf+QjE2j2UYyCACE7Swm5/0uoihCMWZ87oOZYeqiEFSxbsfpT71OYHe2tpw==",
        "dependencies": {
          "Microsoft.AspNetCore.Http.Abstractions": "2.3.0",
          "Microsoft.AspNetCore.WebUtilities": "2.3.0",
          "Microsoft.Extensions.ObjectPool": "8.0.11",
          "Microsoft.Extensions.Options": "8.0.2",
          "Microsoft.Net.Http.Headers": "2.3.0"
        }
      },
      "Microsoft.AspNetCore.Identity.EntityFrameworkCore": {
        "type": "Direct",
        "requested": "[9.0.2, )",
        "resolved": "9.0.2",
        "contentHash": "pWTIxKXMGmrTLPovVJDmkToemQU1/ovgB4LhKa+VfoZJ8nKYwIoBI/mMM5JOwJpLGX73a6kw7W8wIc69gvZwRQ==",
        "dependencies": {
          "Microsoft.EntityFrameworkCore.Relational": "9.0.2",
          "Microsoft.Extensions.Identity.Stores": "9.0.2"
        }
      },
      "Microsoft.EntityFrameworkCore.Tools": {
        "type": "Direct",
        "requested": "[9.0.2, )",
        "resolved": "9.0.2",
        "contentHash": "5D4LQ9zYexFOcq0WzXOCCnP74+s9mBGNjh5mtkWFzM/DbY+rpDqrXjPq7peob/ZHAAqK+9Pfv2VK+tNf8C6QaQ==",
        "dependencies": {
          "Microsoft.EntityFrameworkCore.Design": "9.0.2"
        }
      },
      "Microsoft.IdentityModel.Tokens": {
        "type": "Direct",
        "requested": "[8.9.0, )",
        "resolved": "8.9.0",
        "contentHash": "qK6kW5qZvDj7E5RLWQ9gzJxQe5GUz7+7bXrLQQydSDF9hTf5Ip2qHuAQW3Fg9GND6jkjTr7IXAZFmBHadNQi4Q==",
        "dependencies": {
          "Microsoft.Extensions.Logging.Abstractions": "8.0.2",
          "Microsoft.IdentityModel.Logging": "8.9.0"
        }
      },
      "Microsoft.ML.OnnxRuntime": {
        "type": "Direct",
        "requested": "[1.22.0, )",
        "resolved": "1.22.0",
        "contentHash": "IC5jOaU6YZ7qcLl7JiR2yL6+NznthdCPwW8XgN2XkbvDERRFqMLIVtwfzu2H110fhms59VIyyMOxHXHl2iVzCg==",
        "dependencies": {
          "Microsoft.ML.OnnxRuntime.Managed": "1.22.0"
        }
      },
      "Microsoft.ML.Tokenizers": {
        "type": "Direct",
        "requested": "[1.0.2, )",
        "resolved": "1.0.2",
        "contentHash": "MefL5+IakSE/CWzx4BQQairgY1fXFBVTPtnn7/01Wngsk2248loViqQ1M5+YB8KBwbi0HjcfoMo86h+cSjiEOA==",
        "dependencies": {
          "Google.Protobuf": "3.27.1",
          "System.Text.Json": "8.0.5"
        }
      },
      "System.Net.Http.Json": {
        "type": "Direct",
        "requested": "[9.0.3, )",
        "resolved": "9.0.3",
        "contentHash": "1PLQgaGNBaU6OYwXCcsvOncpayCaYy7gp2BsXrXHxQToKdTnLHHf5/MXyMf0nD6SfY9MMb/TC8HWR2weaNQctA=="
      },
      "Google.Protobuf": {
        "type": "Transitive",
        "resolved": "3.27.1",
        "contentHash": "7IVz9TzhYCZ8qY0rPhXUnyJSXYdshUqmmxmTI763XmDDSJJFnyfKH43FFcMJu/CZgBcE98xlFztrKwhzcRkiPg=="
      },
      "Humanizer.Core": {
        "type": "Transitive",
        "resolved": "2.14.1",
        "contentHash": "lQKvtaTDOXnoVJ20ibTuSIOf2i0uO0MPbDhd1jm238I+U/2ZnRENj0cktKZhtchBMtCUSRQ5v4xBCUbKNmyVMw=="
      },
      "Microsoft.AspNetCore.Connections.Abstractions": {
        "type": "Transitive",
        "resolved": "9.0.2",
        "contentHash": "xqRNy0WQKfPaJdPcwtt3j0SAShLidcinBY3cZdcfM/5AQv7nD8PNCrAhFJxuqiBgSVkfMOLLzXLcWFtN6aMSUQ==",
        "dependencies": {
          "Microsoft.Extensions.Features": "9.0.2"
        }
      },
      "Microsoft.AspNetCore.Cryptography.Internal": {
        "type": "Transitive",
        "resolved": "9.0.2",
        "contentHash": "c628W4yUQyeZAjagLDWINOVAakvELBhS6WmjBYpoFVxrvBquo0JDmDMkQLe0zGffnaK5JoWBBHhT3dTJ6s06fw=="
      },
      "Microsoft.AspNetCore.Cryptography.KeyDerivation": {
        "type": "Transitive",
        "resolved": "9.0.2",
        "contentHash": "F4iMrER+27B2t4IkUhe7oZfFNPwg0ZRPSSCpA4H4FLAsmiUTN1k9sq2G187I3mUlPaysHh83JrPcMtZYtmKBBQ==",
        "dependencies": {
          "Microsoft.AspNetCore.Cryptography.Internal": "9.0.2"
        }
      },
      "Microsoft.AspNetCore.Http.Abstractions": {
        "type": "Transitive",
        "resolved": "2.3.0",
        "contentHash": "39r9PPrjA6s0blyFv5qarckjNkaHRA5B+3b53ybuGGNTXEj1/DStQJ4NWjFL6QTRQpL9zt7nDyKxZdJOlcnq+Q==",
        "dependencies": {
          "Microsoft.AspNetCore.Http.Features": "2.3.0",
          "System.Text.Encodings.Web": "8.0.0"
        }
      },
      "Microsoft.AspNetCore.Http.Features": {
        "type": "Transitive",
        "resolved": "2.3.0",
        "contentHash": "f10WUgcsKqrkmnz6gt8HeZ7kyKjYN30PO7cSic1lPtH7paPtnQqXPOveul/SIPI43PhRD4trttg4ywnrEmmJpA==",
        "dependencies": {
          "Microsoft.Extensions.Primitives": "8.0.0"
        }
      },
      "Microsoft.AspNetCore.WebUtilities": {
        "type": "Transitive",
        "resolved": "2.3.0",
        "contentHash": "trbXdWzoAEUVd0PE2yTopkz4kjZaAIA7xUWekd5uBw+7xE8Do/YOVTeb9d9koPTlbtZT539aESJjSLSqD8eYrQ==",
        "dependencies": {
          "Microsoft.Net.Http.Headers": "2.3.0",
          "System.Text.Encodings.Web": "8.0.0"
        }
      },
      "Microsoft.Bcl.AsyncInterfaces": {
        "type": "Transitive",
        "resolved": "7.0.0",
        "contentHash": "3aeMZ1N0lJoSyzqiP03hqemtb1BijhsJADdobn/4nsMJ8V1H+CrpuduUe4hlRdx+ikBQju1VGjMD1GJ3Sk05Eg=="
      },
      "Microsoft.Build.Framework": {
        "type": "Transitive",
        "resolved": "17.8.3",
        "contentHash": "NrQZJW8TlKVPx72yltGb8SVz3P5mNRk9fNiD/ao8jRSk48WqIIdCn99q4IjlVmPcruuQ+yLdjNQLL8Rb4c916g=="
      },
      "Microsoft.Build.Locator": {
        "type": "Transitive",
        "resolved": "1.7.8",
        "contentHash": "sPy10x527Ph16S2u0yGME4S6ohBKJ69WfjeGG/bvELYeZVmJdKjxgnlL8cJJJLGV/cZIRqSfB12UDB8ICakOog=="
      },
      "Microsoft.CodeAnalysis.Analyzers": {
        "type": "Transitive",
        "resolved": "3.3.4",
        "contentHash": "AxkxcPR+rheX0SmvpLVIGLhOUXAKG56a64kV9VQZ4y9gR9ZmPXnqZvHJnmwLSwzrEP6junUF11vuc+aqo5r68g=="
      },
      "Microsoft.CodeAnalysis.Common": {
        "type": "Transitive",
        "resolved": "4.8.0",
        "contentHash": "/jR+e/9aT+BApoQJABlVCKnnggGQbvGh7BKq2/wI1LamxC+LbzhcLj4Vj7gXCofl1n4E521YfF9w0WcASGg/KA==",
        "dependencies": {
          "Microsoft.CodeAnalysis.Analyzers": "3.3.4",
          "System.Collections.Immutable": "7.0.0",
          "System.Reflection.Metadata": "7.0.0",
          "System.Runtime.CompilerServices.Unsafe": "6.0.0"
        }
      },
      "Microsoft.CodeAnalysis.CSharp": {
        "type": "Transitive",
        "resolved": "4.8.0",
        "contentHash": "+3+qfdb/aaGD8PZRCrsdobbzGs1m9u119SkkJt8e/mk3xLJz/udLtS2T6nY27OTXxBBw10HzAbC8Z9w08VyP/g==",
        "dependencies": {
          "Microsoft.CodeAnalysis.Common": "[4.8.0]"
        }
      },
      "Microsoft.CodeAnalysis.CSharp.Workspaces": {
        "type": "Transitive",
        "resolved": "4.8.0",
        "contentHash": "3amm4tq4Lo8/BGvg9p3BJh3S9nKq2wqCXfS7138i69TUpo/bD+XvD0hNurpEBtcNZhi1FyutiomKJqVF39ugYA==",
        "dependencies": {
          "Humanizer.Core": "2.14.1",
          "Microsoft.CodeAnalysis.CSharp": "[4.8.0]",
          "Microsoft.CodeAnalysis.Common": "[4.8.0]",
          "Microsoft.CodeAnalysis.Workspaces.Common": "[4.8.0]"
        }
      },
      "Microsoft.CodeAnalysis.Workspaces.Common": {
        "type": "Transitive",
        "resolved": "4.8.0",
        "contentHash": "LXyV+MJKsKRu3FGJA3OmSk40OUIa/dQCFLOnm5X8MNcujx7hzGu8o+zjXlb/cy5xUdZK2UKYb9YaQ2E8m9QehQ==",
        "dependencies": {
          "Humanizer.Core": "2.14.1",
          "Microsoft.Bcl.AsyncInterfaces": "7.0.0",
          "Microsoft.CodeAnalysis.Common": "[4.8.0]",
          "System.Composition": "7.0.0",
          "System.IO.Pipelines": "7.0.0",
          "System.Threading.Channels": "7.0.0"
        }
      },
      "Microsoft.CodeAnalysis.Workspaces.MSBuild": {
        "type": "Transitive",
        "resolved": "4.8.0",
        "contentHash": "IEYreI82QZKklp54yPHxZNG9EKSK6nHEkeuf+0Asie9llgS1gp0V1hw7ODG+QyoB7MuAnNQHmeV1Per/ECpv6A==",
        "dependencies": {
          "Microsoft.Build.Framework": "16.10.0",
          "Microsoft.CodeAnalysis.Common": "[4.8.0]",
          "Microsoft.CodeAnalysis.Workspaces.Common": "[4.8.0]",
          "System.Text.Json": "7.0.3"
        }
      },
      "Microsoft.EntityFrameworkCore": {
        "type": "Transitive",
        "resolved": "9.0.2",
        "contentHash": "P90ZuybgcpW32y985eOYxSoZ9IiL0UTYQlY0y1Pt1iHAnpZj/dQHREpSpry1RNvk8YjAeoAkWFdem5conqB9zQ==",
        "dependencies": {
          "Microsoft.EntityFrameworkCore.Abstractions": "9.0.2",
          "Microsoft.EntityFrameworkCore.Analyzers": "9.0.2",
          "Microsoft.Extensions.Caching.Memory": "9.0.2",
          "Microsoft.Extensions.Logging": "9.0.2"
        }
      },
      "Microsoft.EntityFrameworkCore.Abstractions": {
        "type": "Transitive",
        "resolved": "9.0.2",
        "contentHash": "oVSjNSIYHsk0N66eqAWgDcyo9etEFbUswbz7SmlYR6nGp05byHrJAYM5N8U2aGWJWJI6WvIC2e4TXJgH6GZ6HQ=="
      },
      "Microsoft.EntityFrameworkCore.Analyzers": {
        "type": "Transitive",
        "resolved": "9.0.2",
        "contentHash": "w4jzX7XI+L3erVGzbHXpx64A3QaLXxqG3f1vPpGYYZGpxOIHkh7e4iLLD7cq4Ng1vjkwzWl5ZJp0Kj/nHsgFYg=="
      },
      "Microsoft.EntityFrameworkCore.Relational": {
        "type": "Transitive",
        "resolved": "9.0.2",
        "contentHash": "r7O4N5uaM95InVSGUj7SMOQWN0f1PBF2Y30ow7Jg+pGX5GJCRVd/1fq83lQ50YMyq+EzyHac5o4CDQA2RsjKJQ==",
        "dependencies": {
          "Microsoft.EntityFrameworkCore": "9.0.2",
          "Microsoft.Extensions.Caching.Memory": "9.0.2",
          "Microsoft.Extensions.Configuration.Abstractions": "9.0.2",
          "Microsoft.Extensions.Logging": "9.0.2"
        }
      },
      "Microsoft.Extensions.AI.Abstractions": {
        "type": "Transitive",
        "resolved": "9.5.0",
        "contentHash": "Y46j1S4zOPtLAHCUzhHIm1IhCMr7764754bLYupyc1JZcvLNXjUk+VC7H3Bou20S2hHgDJnfox7X/H/3BYEvzA=="
      },
      "Microsoft.Extensions.AmbientMetadata.Application": {
        "type": "Transitive",
        "resolved": "9.5.0",
        "contentHash": "GHgq9tfncuDSaPtwd1od9It3omPuq5PmHDkTWC91VRy75SWvvT7AX+zyDEurp1+oYgLEObQ6PICv+hZvht8dig==",
        "dependencies": {
          "Microsoft.Extensions.Configuration": "9.0.5",
          "Microsoft.Extensions.Hosting.Abstractions": "9.0.5",
          "Microsoft.Extensions.Options.ConfigurationExtensions": "9.0.5"
        }
      },
      "Microsoft.Extensions.Caching.Abstractions": {
        "type": "Transitive",
        "resolved": "9.0.2",
        "contentHash": "a7QhA25n+BzSM5r5d7JznfyluMBGI7z3qyLlFviZ1Eiqv6DdiK27sLZdP/rpYirBM6UYAKxu5TbmfhIy13GN9A==",
        "dependencies": {
          "Microsoft.Extensions.Primitives": "9.0.2"
        }
      },
      "Microsoft.Extensions.Caching.Memory": {
        "type": "Transitive",
        "resolved": "9.0.2",
        "contentHash": "AlEfp0DMz8E1h1Exi8LBrUCNmCYcGDfSM4F/uK1D1cYx/R3w0LVvlmjICqxqXTsy7BEZaCf5leRZY2FuPEiFaw==",
        "dependencies": {
          "Microsoft.Extensions.Caching.Abstractions": "9.0.2",
          "Microsoft.Extensions.DependencyInjection.Abstractions": "9.0.2",
          "Microsoft.Extensions.Logging.Abstractions": "9.0.2",
          "Microsoft.Extensions.Options": "9.0.2",
          "Microsoft.Extensions.Primitives": "9.0.2"
        }
      },
      "Microsoft.Extensions.Compliance.Abstractions": {
        "type": "Transitive",
        "resolved": "9.5.0",
        "contentHash": "jK7bWPhu60GvcVSqMXOdV6ZLOP5rnwvmlqSD2E5fTkAXwoGYUV/5U3tQbvlZtOpeXTu509eg2VEb+l66d7dtSg==",
        "dependencies": {
          "Microsoft.Extensions.DependencyInjection.Abstractions": "9.0.5",
          "Microsoft.Extensions.ObjectPool": "9.0.5"
        }
      },
      "Microsoft.Extensions.Configuration": {
        "type": "Transitive",
        "resolved": "9.0.5",
        "contentHash": "uYXLg2Gt8KUH5nT3u+TBpg9VrRcN5+2zPmIjqEHR4kOoBwsbtMDncEJw9HiLvZqGgIo2TR4oraibAoy5hXn2bQ==",
        "dependencies": {
          "Microsoft.Extensions.Configuration.Abstractions": "9.0.5",
          "Microsoft.Extensions.Primitives": "9.0.5"
        }
      },
      "Microsoft.Extensions.Configuration.Abstractions": {
        "type": "Transitive",
        "resolved": "9.0.5",
        "contentHash": "ew0G6gIznnyAkbIa67wXspkDFcVektjN3xaDAfBDIPbWph+rbuGaaohFxUSGw28ht7wdcWtTtElKnzfkcDDbOQ==",
        "dependencies": {
          "Microsoft.Extensions.Primitives": "9.0.5"
        }
      },
      "Microsoft.Extensions.Configuration.Binder": {
        "type": "Transitive",
        "resolved": "9.0.5",
        "contentHash": "7pQ4Tkyofm8DFWFhqn9ZmG8qSAC2VitWleATj5qob9V9KtoxCVdwRtmiVl/ha3WAgjkEfW++JLWXox9MJwMgkg==",
        "dependencies": {
          "Microsoft.Extensions.Configuration.Abstractions": "9.0.5"
        }
      },
      "Microsoft.Extensions.DependencyInjection": {
        "type": "Transitive",
        "resolved": "9.0.5",
        "contentHash": "N1Mn0T/tUBPoLL+Fzsp+VCEtneUhhxc1//Dx3BeuQ8AX+XrMlYCfnp2zgpEXnTCB7053CLdiqVWPZ7mEX6MPjg==",
        "dependencies": {
          "Microsoft.Extensions.DependencyInjection.Abstractions": "9.0.5"
        }
      },
      "Microsoft.Extensions.DependencyInjection.Abstractions": {
        "type": "Transitive",
        "resolved": "9.0.5",
        "contentHash": "cjnRtsEAzU73aN6W7vkWy8Phj5t3Xm78HSqgrbh/O4Q9SK/yN73wZVa21QQY6amSLQRQ/M8N+koGnY6PuvKQsw=="
      },
      "Microsoft.Extensions.DependencyInjection.AutoActivation": {
        "type": "Transitive",
        "resolved": "9.5.0",
        "contentHash": "JT0VpQl0yrkqdQB8IrN3IqI5frfH8BzuHSsHbNU0Y1qbG/F+gF6A7rBAZTR4NfxQHTwTrO7tnrrVixEmBQ/PyQ==",
        "dependencies": {
          "Microsoft.Extensions.Hosting.Abstractions": "9.0.5"
        }
      },
      "Microsoft.Extensions.DependencyModel": {
        "type": "Transitive",
        "resolved": "9.0.2",
        "contentHash": "3ImbcbS68jy9sKr9Z9ToRbEEX0bvIRdb8zyf5ebtL9Av2CUCGHvaO5wsSXfRfAjr60Vrq0tlmNji9IzAxW6EOw=="
      },
      "Microsoft.Extensions.Diagnostics": {
        "type": "Transitive",
        "resolved": "9.0.5",
        "contentHash": "fRiUjmhm9e4vMp6WEO9MgWNxVtWSr4Pcgh1W4DyJIr8bRANlZz9JU7uicf7ShzMspDxo/9Ejo9zJ6qQZY0IhVw==",
        "dependencies": {
          "Microsoft.Extensions.Configuration": "9.0.5",
          "Microsoft.Extensions.Diagnostics.Abstractions": "9.0.5",
          "Microsoft.Extensions.Options.ConfigurationExtensions": "9.0.5"
        }
      },
      "Microsoft.Extensions.Diagnostics.Abstractions": {
        "type": "Transitive",
        "resolved": "9.0.5",
        "contentHash": "6YfTcULCYREMTqtk+s3UiszsFV2xN2FXtxdQpurmQJY9Cp/QGiM4MTKfJKUo7AzdLuzjOKKMWjQITmvtK7AsUg==",
        "dependencies": {
          "Microsoft.Extensions.DependencyInjection.Abstractions": "9.0.5",
          "Microsoft.Extensions.Options": "9.0.5"
        }
      },
      "Microsoft.Extensions.Diagnostics.ExceptionSummarization": {
        "type": "Transitive",
        "resolved": "9.5.0",
        "contentHash": "QKLs7fG05WqLyp5zOGENZ18XZzVJ2TCw7WTnsQcDwQqA34YOev2vBmIk4FwtPqPieGdqQhzcN032nZkKacIrdQ==",
        "dependencies": {
          "Microsoft.Extensions.DependencyInjection.Abstractions": "9.0.5"
        }
      },
      "Microsoft.Extensions.Features": {
        "type": "Transitive",
        "resolved": "9.0.2",
        "contentHash": "YD+GkCXCCKqlGBXcmdY4Jnrun5lMashE+4m5/bVJZdYGAxO4Hzf1xnni7rHlSbbemFjjhEQPB06zOvoSpWcwaA=="
      },
      "Microsoft.Extensions.FileProviders.Abstractions": {
        "type": "Transitive",
        "resolved": "9.0.5",
        "contentHash": "LLm+e8lvD+jOI+blHRSxPqywPaohOTNcVzQv548R1UpkEiNB2D+zf3RrqxBdB1LDPicRMTnfiaKJovxF8oX1bQ==",
        "dependencies": {
          "Microsoft.Extensions.Primitives": "9.0.5"
        }
      },
      "Microsoft.Extensions.FileProviders.Embedded": {
        "type": "Transitive",
        "resolved": "9.0.2",
        "contentHash": "guQjtnav6bkds3jBqvzLUN3CtFhrwwE2MvES4kukalrFnRkFCncumYBrycM3urilJ7ffetA1/XBcD5ChMJa+AA==",
        "dependencies": {
          "Microsoft.Extensions.FileProviders.Abstractions": "9.0.2"
        }
      },
      "Microsoft.Extensions.Hosting.Abstractions": {
        "type": "Transitive",
        "resolved": "9.0.5",
        "contentHash": "3GA/dxqkP6yFe18qYRgtKYuN2onC8NfhlpNN21jptkVKk7olqBTkdT49oL0pSEz2SptRsux7LocCU7+alGnEag==",
        "dependencies": {
          "Microsoft.Extensions.Configuration.Abstractions": "9.0.5",
          "Microsoft.Extensions.DependencyInjection.Abstractions": "9.0.5",
          "Microsoft.Extensions.Diagnostics.Abstractions": "9.0.5",
          "Microsoft.Extensions.FileProviders.Abstractions": "9.0.5",
          "Microsoft.Extensions.Logging.Abstractions": "9.0.5"
        }
      },
      "Microsoft.Extensions.Http": {
        "type": "Transitive",
        "resolved": "9.0.5",
        "contentHash": "6vbo3XjyEc+w/kv/Dkfv9NA7iSdIdX5dlU9Shk3wJJ0fiZpCVzVW5FJtNoIePX5hS0ENNpHPClq/qtq06yM4FQ==",
        "dependencies": {
          "Microsoft.Extensions.Configuration.Abstractions": "9.0.5",
          "Microsoft.Extensions.DependencyInjection.Abstractions": "9.0.5",
          "Microsoft.Extensions.Diagnostics": "9.0.5",
          "Microsoft.Extensions.Logging": "9.0.5",
          "Microsoft.Extensions.Logging.Abstractions": "9.0.5",
          "Microsoft.Extensions.Options": "9.0.5"
        }
      },
      "Microsoft.Extensions.Http.Diagnostics": {
        "type": "Transitive",
        "resolved": "9.5.0",
        "contentHash": "K5VI2QA3Y2s675IyyhA34xKkUK0XZKgXU0ddXOkuCuHiEWLKs/McNVGP1Qw5B5UEGxrei7aj20Ssm+9JJ6yTlg==",
        "dependencies": {
          "Microsoft.Extensions.DependencyInjection.AutoActivation": "9.5.0",
          "Microsoft.Extensions.Http": "9.0.5",
          "Microsoft.Extensions.Options.ConfigurationExtensions": "9.0.5",
          "Microsoft.Extensions.Telemetry": "9.5.0",
          "System.IO.Pipelines": "9.0.5"
        }
      },
      "Microsoft.Extensions.Identity.Core": {
        "type": "Transitive",
        "resolved": "9.0.2",
        "contentHash": "rD3WoEPV4TJ4sb/SLaf7GHwSv8iZhIpviigAxloYivrPTaN8MbOLhSZMn53LtVXFugTQzkBlGSOcB99vJdk5pA==",
        "dependencies": {
          "Microsoft.AspNetCore.Cryptography.KeyDerivation": "9.0.2",
          "Microsoft.Extensions.Logging": "9.0.2",
          "Microsoft.Extensions.Options": "9.0.2"
        }
      },
      "Microsoft.Extensions.Identity.Stores": {
        "type": "Transitive",
        "resolved": "9.0.2",
        "contentHash": "1gY/SvkkvMv/Ea/UUMpTmkMI8ZP+I3dLBiPMSaaSaDK7WclHifheUmmsJqnXrhsswAI0xLLbGwff4xcsXedt4A==",
        "dependencies": {
          "Microsoft.Extensions.Caching.Abstractions": "9.0.2",
          "Microsoft.Extensions.Identity.Core": "9.0.2",
          "Microsoft.Extensions.Logging": "9.0.2"
        }
      },
      "Microsoft.Extensions.Logging": {
        "type": "Transitive",
        "resolved": "9.0.5",
        "contentHash": "rQU61lrgvpE/UgcAd4E56HPxUIkX/VUQCxWmwDTLLVeuwRDYTL0q/FLGfAW17cGTKyCh7ywYAEnY3sTEvURsfg==",
        "dependencies": {
          "Microsoft.Extensions.DependencyInjection": "9.0.5",
          "Microsoft.Extensions.Logging.Abstractions": "9.0.5",
          "Microsoft.Extensions.Options": "9.0.5"
        }
      },
      "Microsoft.Extensions.Logging.Configuration": {
        "type": "Transitive",
        "resolved": "9.0.5",
        "contentHash": "WgYTJ1/dxdzqaYYMrgC6cZXJVmaoxUmWgsvR9Kg5ZARpy0LMw7fZIZMIiVuaxhItwwFIW0ruhAN+Er2/oVZgmQ==",
        "dependencies": {
          "Microsoft.Extensions.Configuration": "9.0.5",
          "Microsoft.Extensions.Configuration.Abstractions": "9.0.5",
          "Microsoft.Extensions.Configuration.Binder": "9.0.5",
          "Microsoft.Extensions.DependencyInjection.Abstractions": "9.0.5",
          "Microsoft.Extensions.Logging": "9.0.5",
          "Microsoft.Extensions.Logging.Abstractions": "9.0.5",
          "Microsoft.Extensions.Options": "9.0.5",
          "Microsoft.Extensions.Options.ConfigurationExtensions": "9.0.5"
        }
      },
      "Microsoft.Extensions.ObjectPool": {
        "type": "Transitive",
        "resolved": "9.0.5",
        "contentHash": "C0VDKwSwNfc3YCLuno6Dip0un9LFmvuSvhpCC4ckpz6nrOmiM5JSJspQiY1dGCDRXJKFeZxa2hDpCLRL8WiBhw=="
      },
      "Microsoft.Extensions.Options.ConfigurationExtensions": {
        "type": "Transitive",
        "resolved": "9.0.5",
        "contentHash": "CJbAVdovKPFh2FoKxesu20odRVSbL/vtvzzObnG+5u38sOfzRS2Ncy25id0TjYUGQzMhNnJUHgTUzTMDl/3c9g==",
        "dependencies": {
          "Microsoft.Extensions.Configuration.Abstractions": "9.0.5",
          "Microsoft.Extensions.Configuration.Binder": "9.0.5",
          "Microsoft.Extensions.DependencyInjection.Abstractions": "9.0.5",
          "Microsoft.Extensions.Options": "9.0.5",
          "Microsoft.Extensions.Primitives": "9.0.5"
        }
      },
      "Microsoft.Extensions.Primitives": {
        "type": "Transitive",
        "resolved": "9.0.5",
        "contentHash": "b4OAv1qE1C9aM+ShWJu3rlo/WjDwa/I30aIPXqDWSKXTtKl1Wwh6BZn+glH5HndGVVn3C6ZAPQj5nv7/7HJNBQ=="
      },
      "Microsoft.Extensions.Resilience": {
        "type": "Transitive",
        "resolved": "9.5.0",
        "contentHash": "KoL2rlNW/l+CWfiIFb8ZjBaqgY5DSnla5ZIxBvt5BdkGZ+xoe7ZMEw62FeQ+yot053VEPbPpZ/iTnX3zZ6kB3Q==",
        "dependencies": {
          "Microsoft.Extensions.Diagnostics": "9.0.5",
          "Microsoft.Extensions.Diagnostics.ExceptionSummarization": "9.5.0",
          "Microsoft.Extensions.Options.ConfigurationExtensions": "9.0.5",
          "Microsoft.Extensions.Telemetry.Abstractions": "9.5.0",
          "Polly.Extensions": "8.4.2",
          "Polly.RateLimiting": "8.4.2"
        }
      },
      "Microsoft.Extensions.Telemetry": {
        "type": "Transitive",
        "resolved": "9.5.0",
        "contentHash": "oaLcdlYgsEl6YAUdwrBHFakGgkHxifOTZQXu6T57OvRm0DByJhn2YyeijUOM2iDIDUJObZhG5A9qL/JNehZydw==",
        "dependencies": {
          "Microsoft.Extensions.AmbientMetadata.Application": "9.5.0",
          "Microsoft.Extensions.DependencyInjection.AutoActivation": "9.5.0",
          "Microsoft.Extensions.Logging.Configuration": "9.0.5",
          "Microsoft.Extensions.ObjectPool": "9.0.5",
          "Microsoft.Extensions.Telemetry.Abstractions": "9.5.0"
        }
      },
      "Microsoft.Extensions.Telemetry.Abstractions": {
        "type": "Transitive",
        "resolved": "9.5.0",
        "contentHash": "vYQAUcMkW06G973ocSzJT5WFWSN7J5l3yZTQF99nUhWP/pJ1SjYBxXXCk/7jqYnBjFJgsmdrP+JxqJio/EvyQQ==",
        "dependencies": {
          "Microsoft.Extensions.Compliance.Abstractions": "9.5.0",
          "Microsoft.Extensions.Logging.Abstractions": "9.0.5",
          "Microsoft.Extensions.ObjectPool": "9.0.5",
          "Microsoft.Extensions.Options": "9.0.5"
        }
      },
      "Microsoft.IdentityModel.Abstractions": {
        "type": "Transitive",
        "resolved": "8.9.0",
        "contentHash": "b/87S+lb86U7Ns7xgTKnqql6XGNr8hBE+k0rj5sRWwXeJe6uA+3mSjvpZ9GoQo3cB9zlwzcbGBU8KM44qX0t1g=="
      },
      "Microsoft.IdentityModel.Logging": {
        "type": "Transitive",
        "resolved": "8.9.0",
        "contentHash": "rswvH4ZANbFsJYEn+PGEOj7nkkBRjnsb7LcYGAS16VUJpSeKULLeYSy/7SK6jLO1WTT12xqdeL4mj3dYT7GdoQ==",
        "dependencies": {
          "Microsoft.IdentityModel.Abstractions": "8.9.0"
        }
      },
      "Microsoft.IdentityModel.Protocols": {
        "type": "Transitive",
        "resolved": "8.0.1",
        "contentHash": "uA2vpKqU3I2mBBEaeJAWPTjT9v1TZrGWKdgK6G5qJd03CLx83kdiqO9cmiK8/n1erkHzFBwU/RphP83aAe3i3g==",
        "dependencies": {
          "Microsoft.IdentityModel.Tokens": "8.0.1"
        }
      },
      "Microsoft.IdentityModel.Protocols.OpenIdConnect": {
        "type": "Transitive",
        "resolved": "8.0.1",
        "contentHash": "AQDbfpL+yzuuGhO/mQhKNsp44pm5Jv8/BI4KiFXR7beVGZoSH35zMV3PrmcfvSTsyI6qrcR898NzUauD6SRigg==",
        "dependencies": {
          "Microsoft.IdentityModel.Protocols": "8.0.1",
          "System.IdentityModel.Tokens.Jwt": "8.0.1"
        }
      },
      "Microsoft.ML.OnnxRuntime.Managed": {
        "type": "Transitive",
        "resolved": "1.22.0",
        "contentHash": "zlG3eY5mJnx1BhYAxRwpuHCGHzl3B+cY5/se0RmlVBw6Yh6QTGjPAXdjhlBIcw6BPFhgMn9lxWPE/U3Fvis+BQ==",
        "dependencies": {
          "System.Memory": "4.5.5",
          "System.Numerics.Tensors": "9.0.0"
        }
      },
      "Microsoft.Net.Http.Headers": {
        "type": "Transitive",
        "resolved": "2.3.0",
        "contentHash": "/M0wVg6tJUOHutWD3BMOUVZAioJVXe0tCpFiovzv0T9T12TBf4MnaHP0efO8TCr1a6O9RZgQeZ9Gdark8L9XdA==",
        "dependencies": {
          "Microsoft.Extensions.Primitives": "8.0.0",
          "System.Buffers": "4.6.0"
        }
      },
      "Mono.TextTemplating": {
        "type": "Transitive",
        "resolved": "3.0.0",
        "contentHash": "YqueG52R/Xej4VVbKuRIodjiAhV0HR/XVbLbNrJhCZnzjnSjgMJ/dCdV0akQQxavX6hp/LC6rqLGLcXeQYU7XA==",
        "dependencies": {
          "System.CodeDom": "6.0.0"
        }
      },
      "Npgsql": {
        "type": "Transitive",
        "resolved": "9.0.2",
        "contentHash": "hCbO8box7i/XXiTFqCJ3GoowyLqx3JXxyrbOJ6om7dr+eAknvBNhhUHeJVGAQo44sySZTfdVffp4BrtPeLZOAA==",
        "dependencies": {
          "Microsoft.Extensions.Logging.Abstractions": "8.0.2"
        }
      },
      "Pgvector": {
        "type": "Transitive",
        "resolved": "0.3.1",
        "contentHash": "XeuF5F5krjjv9/Mlt9vtl5Sd7B6ps82XhsA98qP5G6KAjL2bDPr+nvXTTXrJoKiwdE+R5VXoq1t0hWFkgbMyZw==",
        "dependencies": {
          "Npgsql": "8.0.3"
        }
      },
      "Polly.Core": {
        "type": "Transitive",
        "resolved": "8.4.2",
        "contentHash": "BpE2I6HBYYA5tF0Vn4eoQOGYTYIK1BlF5EXVgkWGn3mqUUjbXAr13J6fZVbp7Q3epRR8yshacBMlsHMhpOiV3g=="
      },
      "Polly.Extensions": {
        "type": "Transitive",
        "resolved": "8.4.2",
        "contentHash": "GZ9vRVmR0jV2JtZavt+pGUsQ1O1cuRKG7R7VOZI6ZDy9y6RNPvRvXK1tuS4ffUrv8L0FTea59oEuQzgS0R7zSA==",
        "dependencies": {
          "Microsoft.Extensions.Logging.Abstractions": "8.0.0",
          "Microsoft.Extensions.Options": "8.0.0",
          "Polly.Core": "8.4.2"
        }
      },
      "Polly.RateLimiting": {
        "type": "Transitive",
        "resolved": "8.4.2",
        "contentHash": "ehTImQ/eUyO07VYW2WvwSmU9rRH200SKJ/3jku9rOkyWE0A2JxNFmAVms8dSn49QLSjmjFRRSgfNyOgr/2PSmA==",
        "dependencies": {
          "Polly.Core": "8.4.2",
          "System.Threading.RateLimiting": "8.0.0"
        }
      },
      "System.Buffers": {
        "type": "Transitive",
        "resolved": "4.6.0",
        "contentHash": "lN6tZi7Q46zFzAbRYXTIvfXcyvQQgxnY7Xm6C6xQ9784dEL1amjM6S6Iw4ZpsvesAKnRVsM4scrDQaDqSClkjA=="
      },
      "System.CodeDom": {
        "type": "Transitive",
        "resolved": "6.0.0",
        "contentHash": "CPc6tWO1LAer3IzfZufDBRL+UZQcj5uS207NHALQzP84Vp/z6wF0Aa0YZImOQY8iStY0A2zI/e3ihKNPfUm8XA=="
      },
      "System.Collections.Immutable": {
        "type": "Transitive",
        "resolved": "7.0.0",
        "contentHash": "dQPcs0U1IKnBdRDBkrCTi1FoajSTBzLcVTpjO4MBCMC7f4pDOIPzgBoX8JjG7X6uZRJ8EBxsi8+DR1JuwjnzOQ=="
      },
      "System.Composition": {
        "type": "Transitive",
        "resolved": "7.0.0",
        "contentHash": "tRwgcAkDd85O8Aq6zHDANzQaq380cek9lbMg5Qma46u5BZXq/G+XvIYmu+UI+BIIZ9zssXLYrkTykEqxxvhcmg==",
        "dependencies": {
          "System.Composition.AttributedModel": "7.0.0",
          "System.Composition.Convention": "7.0.0",
          "System.Composition.Hosting": "7.0.0",
          "System.Composition.Runtime": "7.0.0",
          "System.Composition.TypedParts": "7.0.0"
        }
      },
      "System.Composition.AttributedModel": {
        "type": "Transitive",
        "resolved": "7.0.0",
        "contentHash": "2QzClqjElKxgI1jK1Jztnq44/8DmSuTSGGahXqQ4TdEV0h9s2KikQZIgcEqVzR7OuWDFPGLHIprBJGQEPr8fAQ=="
      },
      "System.Composition.Convention": {
        "type": "Transitive",
        "resolved": "7.0.0",
        "contentHash": "IMhTlpCs4HmlD8B+J8/kWfwX7vrBBOs6xyjSTzBlYSs7W4OET4tlkR/Sg9NG8jkdJH9Mymq0qGdYS1VPqRTBnQ==",
        "dependencies": {
          "System.Composition.AttributedModel": "7.0.0"
        }
      },
      "System.Composition.Hosting": {
        "type": "Transitive",
        "resolved": "7.0.0",
        "contentHash": "eB6gwN9S+54jCTBJ5bpwMOVerKeUfGGTYCzz3QgDr1P55Gg/Wb27ShfPIhLMjmZ3MoAKu8uUSv6fcCdYJTN7Bg==",
        "dependencies": {
          "System.Composition.Runtime": "7.0.0"
        }
      },
      "System.Composition.Runtime": {
        "type": "Transitive",
        "resolved": "7.0.0",
        "contentHash": "aZJ1Zr5Txe925rbo4742XifEyW0MIni1eiUebmcrP3HwLXZ3IbXUj4MFMUH/RmnJOAQiS401leg/2Sz1MkApDw=="
      },
      "System.Composition.TypedParts": {
        "type": "Transitive",
        "resolved": "7.0.0",
        "contentHash": "ZK0KNPfbtxVceTwh+oHNGUOYV2WNOHReX2AXipuvkURC7s/jPwoWfsu3SnDBDgofqbiWr96geofdQ2erm/KTHg==",
        "dependencies": {
          "System.Composition.AttributedModel": "7.0.0",
          "System.Composition.Hosting": "7.0.0",
          "System.Composition.Runtime": "7.0.0"
        }
      },
      "System.IdentityModel.Tokens.Jwt": {
        "type": "Transitive",
        "resolved": "8.0.1",
        "contentHash": "GJw3bYkWpOgvN3tJo5X4lYUeIFA2HD293FPUhKmp7qxS+g5ywAb34Dnd3cDAFLkcMohy5XTpoaZ4uAHuw0uSPQ==",
        "dependencies": {
          "Microsoft.IdentityModel.JsonWebTokens": "8.0.1",
          "Microsoft.IdentityModel.Tokens": "8.0.1"
        }
      },
      "System.IO.Pipelines": {
        "type": "Transitive",
        "resolved": "9.0.5",
        "contentHash": "5WXo+3MGcnYn54+1ojf+kRzKq1Q6sDUnovujNJ2ky1nl1/kP3+PMil9LPbFvZ2mkhvAGmQcY07G2sfHat/v0Fw=="
      },
      "System.Memory": {
        "type": "Transitive",
        "resolved": "4.5.5",
        "contentHash": "XIWiDvKPXaTveaB7HVganDlOCRoj03l+jrwNvcge/t8vhGYKvqV+dMv6G4SAX2NoNmN0wZfVPTAlFwZcZvVOUw=="
      },
      "System.Numerics.Tensors": {
        "type": "Transitive",
        "resolved": "9.0.0",
        "contentHash": "hyJB4UlpAi19Xr9AXzu2NuagKC4lPfHObNMEAA0HmqFz2rX7wKgzeYzO/jM/eBHDhnUGFFEjk5cOoJaxqg5J4A=="
      },
      "System.Reflection.Metadata": {
        "type": "Transitive",
        "resolved": "7.0.0",
        "contentHash": "MclTG61lsD9sYdpNz9xsKBzjsmsfCtcMZYXz/IUr2zlhaTaABonlr1ESeompTgM+Xk+IwtGYU7/voh3YWB/fWw==",
        "dependencies": {
          "System.Collections.Immutable": "7.0.0"
        }
      },
      "System.Runtime.CompilerServices.Unsafe": {
        "type": "Transitive",
        "resolved": "6.0.0",
        "contentHash": "/iUeP3tq1S0XdNNoMz5C9twLSrM/TH+qElHkXWaPvuNOt+99G75NrV0OS2EqHx5wMN7popYjpc8oTjC1y16DLg=="
      },
      "System.Text.Encodings.Web": {
        "type": "Transitive",
        "resolved": "8.0.0",
        "contentHash": "yev/k9GHAEGx2Rg3/tU6MQh4HGBXJs70y7j1LaM1i/ER9po+6nnQ6RRqTJn1E7Xu0fbIFK80Nh5EoODxrbxwBQ=="
      },
      "System.Text.Json": {
        "type": "Transitive",
        "resolved": "9.0.2",
        "contentHash": "4TY2Yokh5Xp8XHFhsY9y84yokS7B0rhkaZCXuRiKppIiKwPVH4lVSFD9EEFzRpXdBM5ZeZXD43tc2vB6njEwwQ=="
      },
      "System.Threading.Channels": {
        "type": "Transitive",
        "resolved": "7.0.0",
        "contentHash": "qmeeYNROMsONF6ndEZcIQ+VxR4Q/TX/7uIVLJqtwIWL7dDWeh0l1UIqgo4wYyjG//5lUNhwkLDSFl+pAWO6oiA=="
      },
      "System.Threading.RateLimiting": {
        "type": "Transitive",
        "resolved": "8.0.0",
        "contentHash": "7mu9v0QDv66ar3DpGSZHg9NuNcxDaaAcnMULuZlaTpP9+hwXhrxNGsF5GmLkSHxFdb5bBc1TzeujsRgTrPWi+Q=="
      },
      "tunespace.core": {
        "type": "Project",
        "dependencies": {
          "Microsoft.AspNetCore.Identity.EntityFrameworkCore": "[9.0.2, )",
          "Pgvector.EntityFrameworkCore": "[0.2.2, )",
          "System.Net.Http.Json": "[9.0.3, )"
        }
      },
      "tunespace.infrastructure": {
        "type": "Project",
        "dependencies": {
          "FluentEmail.Core": "[3.0.2, )",
          "FluentEmail.Smtp": "[3.0.2, )",
          "Microsoft.AspNetCore.Authentication.JwtBearer": "[9.0.2, )",
          "Microsoft.AspNetCore.Identity.EntityFrameworkCore": "[9.0.2, )",
          "Microsoft.AspNetCore.Identity.UI": "[9.0.2, )",
          "Microsoft.AspNetCore.SignalR.Common": "[9.0.2, )",
          "Microsoft.Extensions.Http.Resilience": "[9.5.0, )",
          "Microsoft.Extensions.VectorData.Abstractions": "[9.5.0, )",
          "Microsoft.IdentityModel.JsonWebTokens": "[8.9.0, )",
          "Microsoft.IdentityModel.Tokens": "[8.9.0, )",
          "Microsoft.ML.OnnxRuntime": "[1.22.0, )",
          "Microsoft.ML.Tokenizers": "[1.0.2, )",
          "Npgsql.EntityFrameworkCore.PostgreSQL": "[9.0.3, )",
          "Pgvector.EntityFrameworkCore": "[0.2.2, )",
          "TuneSpace.Core": "[1.0.0, )"
        }
      },
      "Microsoft.AspNetCore.Identity.UI": {
        "type": "CentralTransitive",
        "requested": "[9.0.2, )",
        "resolved": "9.0.2",
        "contentHash": "2oEQF1jRP7oM/PRKyhw8x1LxuP53xAXSwSMn+zPUH3J65M0wHmNpKTiSRVb4irErtrrK6OP8Y3KRQWiAyz3lbQ==",
        "dependencies": {
          "Microsoft.Extensions.FileProviders.Embedded": "9.0.2",
          "Microsoft.Extensions.Identity.Stores": "9.0.2"
        }
      },
      "Microsoft.AspNetCore.SignalR.Common": {
        "type": "CentralTransitive",
        "requested": "[9.0.2, )",
        "resolved": "9.0.2",
        "contentHash": "eB1O6HXApq4WjJoRdmRKS4eCFnu7WiXdr2jan7yyeeVOqx3ukhh8M54NiOcmIvMhvbR7E7q2LiDmue5pmdSdaw==",
        "dependencies": {
          "Microsoft.AspNetCore.Connections.Abstractions": "9.0.2",
          "Microsoft.Extensions.Options": "9.0.2"
        }
      },
      "Microsoft.EntityFrameworkCore.Design": {
        "type": "CentralTransitive",
        "requested": "[9.0.2, )",
        "resolved": "9.0.2",
        "contentHash": "WWRmTxb/yd05cTW+k32lLvIhffxilgYvwKHDxiqe7GRLKeceyMspuf5BRpW65sFF7S2G+Be9JgjUe1ypGqt9tg==",
        "dependencies": {
          "Humanizer.Core": "2.14.1",
          "Microsoft.Build.Framework": "17.8.3",
          "Microsoft.Build.Locator": "1.7.8",
          "Microsoft.CodeAnalysis.CSharp": "4.8.0",
          "Microsoft.CodeAnalysis.CSharp.Workspaces": "4.8.0",
          "Microsoft.CodeAnalysis.Workspaces.MSBuild": "4.8.0",
          "Microsoft.EntityFrameworkCore.Relational": "9.0.2",
          "Microsoft.Extensions.Caching.Memory": "9.0.2",
          "Microsoft.Extensions.Configuration.Abstractions": "9.0.2",
          "Microsoft.Extensions.DependencyModel": "9.0.2",
          "Microsoft.Extensions.Logging": "9.0.2",
          "Mono.TextTemplating": "3.0.0",
          "System.Text.Json": "9.0.2"
        }
      },
      "Microsoft.Extensions.Http.Resilience": {
        "type": "CentralTransitive",
        "requested": "[9.5.0, )",
        "resolved": "9.5.0",
        "contentHash": "6+D5dTm6t+Rg93ODzQ/obWuUxl+YPEm6bU4lz6dA2lxPjJmqbsUKP3l2bXlMcahj3EFj9n4gpRD7fzF46q+ecQ==",
        "dependencies": {
          "Microsoft.Extensions.Configuration.Binder": "9.0.5",
          "Microsoft.Extensions.Http.Diagnostics": "9.5.0",
          "Microsoft.Extensions.ObjectPool": "9.0.5",
          "Microsoft.Extensions.Resilience": "9.5.0"
        }
      },
      "Microsoft.Extensions.Logging.Abstractions": {
        "type": "CentralTransitive",
        "requested": "[9.0.6, )",
        "resolved": "9.0.5",
        "contentHash": "pP1PADCrIxMYJXxFmTVbAgEU7GVpjK5i0/tyfU9DiE0oXQy3JWQaOVgCkrCiePLgS8b5sghM3Fau3EeHiVWbCg==",
        "dependencies": {
          "Microsoft.Extensions.DependencyInjection.Abstractions": "9.0.5"
        }
      },
      "Microsoft.Extensions.Options": {
        "type": "CentralTransitive",
        "requested": "[9.0.6, )",
        "resolved": "9.0.5",
        "contentHash": "vPdJQU8YLOUSSK8NL0RmwcXJr2E0w8xH559PGQl4JYsglgilZr9LZnqV2zdgk+XR05+kuvhBEZKoDVd46o7NqA==",
        "dependencies": {
          "Microsoft.Extensions.DependencyInjection.Abstractions": "9.0.5",
          "Microsoft.Extensions.Primitives": "9.0.5"
        }
      },
      "Microsoft.Extensions.VectorData.Abstractions": {
        "type": "CentralTransitive",
        "requested": "[9.5.0, )",
        "resolved": "9.5.0",
        "contentHash": "+hvBYS60Tp9ELEpBVOEa1qBaWgJiEzI9cZdlKf00zJULgI6oPYN/xYps4SaFvyf3O8C+WsDC3Ilsfc147nwVuQ==",
        "dependencies": {
          "Microsoft.Extensions.AI.Abstractions": "9.5.0"
        }
      },
      "Microsoft.IdentityModel.JsonWebTokens": {
        "type": "CentralTransitive",
        "requested": "[8.9.0, )",
        "resolved": "8.9.0",
        "contentHash": "QcNC57hJLc6LIcy2PTYlD8iRBQBm6bqPKbCjsRYWlp7QTyJisF0ImUWaa3mx6wWaS1upwYneYVPiIiNSlAy16g==",
        "dependencies": {
          "Microsoft.IdentityModel.Tokens": "8.9.0"
        }
      },
      "Npgsql.EntityFrameworkCore.PostgreSQL": {
        "type": "CentralTransitive",
        "requested": "[9.0.3, )",
        "resolved": "9.0.3",
        "contentHash": "1A6HpMPbzK+quxdtug1aDHI4BSRTgpi7OaDt8WQh7SFJd2sSQ0nNTZ7sYrwyxVf4AdKdN7XJL9tpiiJjRUaa4g==",
        "dependencies": {
          "Microsoft.EntityFrameworkCore": "[9.0.1, 10.0.0)",
          "Microsoft.EntityFrameworkCore.Relational": "[9.0.1, 10.0.0)",
          "Npgsql": "9.0.2"
        }
      },
      "Pgvector.EntityFrameworkCore": {
        "type": "CentralTransitive",
        "requested": "[0.2.2, )",
        "resolved": "0.2.2",
        "contentHash": "U4C48O+f31y7lWlUY+fsZrOZAvzI8rCsQb/sEWF3MfGYX/153uQingO2/8YoXeLGx00Wl9na8zl89gehXtMbFg==",
        "dependencies": {
          "Npgsql.EntityFrameworkCore.PostgreSQL": "8.0.0",
          "Pgvector": "0.3.1"
        }
      }
    },
    "net9.0/linux-x64": {
      "Microsoft.ML.OnnxRuntime": {
        "type": "Direct",
        "requested": "[1.22.0, )",
        "resolved": "1.22.0",
        "contentHash": "IC5jOaU6YZ7qcLl7JiR2yL6+NznthdCPwW8XgN2XkbvDERRFqMLIVtwfzu2H110fhms59VIyyMOxHXHl2iVzCg==",
        "dependencies": {
          "Microsoft.ML.OnnxRuntime.Managed": "1.22.0"
        }
      },
      "System.Text.Encodings.Web": {
        "type": "Transitive",
        "resolved": "8.0.0",
        "contentHash": "yev/k9GHAEGx2Rg3/tU6MQh4HGBXJs70y7j1LaM1i/ER9po+6nnQ6RRqTJn1E7Xu0fbIFK80Nh5EoODxrbxwBQ=="
      }
    },
    "net9.0/osx-x64": {
      "Microsoft.ML.OnnxRuntime": {
        "type": "Direct",
        "requested": "[1.22.0, )",
        "resolved": "1.22.0",
        "contentHash": "IC5jOaU6YZ7qcLl7JiR2yL6+NznthdCPwW8XgN2XkbvDERRFqMLIVtwfzu2H110fhms59VIyyMOxHXHl2iVzCg==",
        "dependencies": {
          "Microsoft.ML.OnnxRuntime.Managed": "1.22.0"
        }
      },
      "System.Text.Encodings.Web": {
        "type": "Transitive",
        "resolved": "8.0.0",
        "contentHash": "yev/k9GHAEGx2Rg3/tU6MQh4HGBXJs70y7j1LaM1i/ER9po+6nnQ6RRqTJn1E7Xu0fbIFK80Nh5EoODxrbxwBQ=="
      }
    },
    "net9.0/win-x64": {
      "Microsoft.ML.OnnxRuntime": {
        "type": "Direct",
        "requested": "[1.22.0, )",
        "resolved": "1.22.0",
        "contentHash": "IC5jOaU6YZ7qcLl7JiR2yL6+NznthdCPwW8XgN2XkbvDERRFqMLIVtwfzu2H110fhms59VIyyMOxHXHl2iVzCg==",
        "dependencies": {
          "Microsoft.ML.OnnxRuntime.Managed": "1.22.0"
        }
      },
      "System.Text.Encodings.Web": {
        "type": "Transitive",
        "resolved": "8.0.0",
        "contentHash": "yev/k9GHAEGx2Rg3/tU6MQh4HGBXJs70y7j1LaM1i/ER9po+6nnQ6RRqTJn1E7Xu0fbIFK80Nh5EoODxrbxwBQ=="
      }
    }
  }
}